
Microsoft Visual Studio Solution File, Format Version 12.00
# Visual Studio 15
VisualStudioVersion = 15.0.27004.2002
MinimumVisualStudioVersion = 10.0.40219.1
Project("{FAE04EC0-301F-11D3-BF4B-00C04F79EFBC}") = "ServiceOrientedWebApplication", "ServiceOrientedWebApplication\ServiceOrientedWebApplication.csproj", "{24E5842E-0E7B-4E3D-AB17-D8A110D72211}"
EndProject
Global
	GlobalSection(SolutionConfigurationPlatforms) = preSolution
		Debug|Any CPU = Debug|Any CPU
		Release|Any CPU = Release|Any CPU
	EndGlobalSection
	GlobalSection(ProjectConfigurationPlatforms) = postSolution
		{24E5842E-0E7B-4E3D-AB17-D8A110D72211}.Debug|Any CPU.ActiveCfg = Debug|Any CPU
		{24E5842E-0E7B-4E3D-AB17-D8A110D72211}.Debug|Any CPU.Build.0 = Debug|Any CPU
		{24E5842E-0E7B-4E3D-AB17-D8A110D72211}.Release|Any CPU.ActiveCfg = Release|Any CPU
		{24E5842E-0E7B-4E3D-AB17-D8A110D72211}.Release|Any CPU.Build.0 = Release|Any CPU
	EndGlobalSection
	GlobalSection(SolutionProperties) = preSolution
		HideSolutionNode = FALSE
	EndGlobalSection
	GlobalSection(ExtensibilityGlobals) = postSolution
		SolutionGuid = {3999C6AB-40A4-4663-ACEC-DC77E8204BE7}
	EndGlobalSection
EndGlobal
